
Microsoft Visual Studio Solution File, Format Version 11.00
# Visual Studio 2010
Project("{FAE04EC0-301F-11D3-BF4B-00C04F79EFBC}") = "nog een project", "Assembly-CSharp.csproj", "{DD9BD1EA-C476-58C5-37E3-570F264D961D}"
EndProject
Global
	GlobalSection(SolutionConfigurationPlatforms) = preSolution
		Debug|Any CPU = Debug|Any CPU
		Release|Any CPU = Release|Any CPU
	EndGlobalSection
	GlobalSection(ProjectConfigurationPlatforms) = postSolution
		{DD9BD1EA-C476-58C5-37E3-570F264D961D}.Debug|Any CPU.ActiveCfg = Debug|Any CPU
		{DD9BD1EA-C476-58C5-37E3-570F264D961D}.Debug|Any CPU.Build.0 = Debug|Any CPU
		{DD9BD1EA-C476-58C5-37E3-570F264D961D}.Release|Any CPU.ActiveCfg = Release|Any CPU
		{DD9BD1EA-C476-58C5-37E3-570F264D961D}.Release|Any CPU.Build.0 = Release|Any CPU
	EndGlobalSection
	GlobalSection(SolutionProperties) = preSolution
		HideSolutionNode = FALSE
	EndGlobalSection
	GlobalSection(MonoDevelopProperties) = preSolution
		StartupItem = Assembly-CSharp.csproj
	EndGlobalSection
EndGlobal
